# @generated - this file is auto-generated by `mise lock` https://mise.jdx.dev/dev-tools/mise-lock.html

[[tools.pitchfork]]
version = "2.1.0"
backend = "aqua:jdx/pitchfork"

[tools.pitchfork."platforms.linux-arm64"]
checksum = "sha256:76b8c581da524a3a9f9b9b67c42567fc89a8df9f0b87a157cc0e5ac5cbd47117"
url = "https://github.com/jdx/pitchfork/releases/download/v2.1.0/pitchfork-aarch64-unknown-linux-gnu.tar.gz"

[tools.pitchfork."platforms.linux-arm64-musl"]
checksum = "sha256:76b8c581da524a3a9f9b9b67c42567fc89a8df9f0b87a157cc0e5ac5cbd47117"
url = "https://github.com/jdx/pitchfork/releases/download/v2.1.0/pitchfork-aarch64-unknown-linux-gnu.tar.gz"

[tools.pitchfork."platforms.linux-x64"]
checksum = "sha256:684a722874294394d334e2d26aaeb99a5a2728ff8280a9acb49c07afe2d80b3f"
url = "https://github.com/jdx/pitchfork/releases/download/v2.1.0/pitchfork-x86_64-unknown-linux-gnu.tar.gz"

[tools.pitchfork."platforms.linux-x64-musl"]
checksum = "sha256:684a722874294394d334e2d26aaeb99a5a2728ff8280a9acb49c07afe2d80b3f"
url = "https://github.com/jdx/pitchfork/releases/download/v2.1.0/pitchfork-x86_64-unknown-linux-gnu.tar.gz"

[tools.pitchfork."platforms.macos-arm64"]
checksum = "sha256:ddd83dbbe56c4afc71d27c2df9520f6e7ae46863f3de17aa0e7c6f7975c995c0"
url = "https://github.com/jdx/pitchfork/releases/download/v2.1.0/pitchfork-aarch64-apple-darwin.tar.gz"

[tools.pitchfork."platforms.windows-x64"]
checksum = "sha256:6deaa784e3f3e846c5252d23d152f759052492e4cf5ca86bf66f53cddaf70a68"
url = "https://github.com/jdx/pitchfork/releases/download/v2.1.0/pitchfork-x86_64-pc-windows-msvc.zip"

[[tools.python]]
version = "3.11.15"
backend = "core:python"

[tools.python."platforms.linux-arm64"]
checksum = "sha256:75090630ca91adf8451ea74e6ffd3d4a8ed39081a0cc3f9c6b3f252346caac41"
url = "https://github.com/astral-sh/python-build-standalone/releases/download/20260310/cpython-3.11.15+20260310-aarch64-unknown-linux-gnu-install_only_stripped.tar.gz"

[tools.python."platforms.linux-arm64-musl"]
checksum = "sha256:75090630ca91adf8451ea74e6ffd3d4a8ed39081a0cc3f9c6b3f252346caac41"
url = "https://github.com/astral-sh/python-build-standalone/releases/download/20260310/cpython-3.11.15+20260310-aarch64-unknown-linux-gnu-install_only_stripped.tar.gz"

[tools.python."platforms.linux-x64"]
checksum = "sha256:4fd68840c9f35afb263d3d13ed0d03bcf3e010ec294c9b3b65ab20f3836445d8"
url = "https://github.com/astral-sh/python-build-standalone/releases/download/20260310/cpython-3.11.15+20260310-x86_64-unknown-linux-gnu-install_only_stripped.tar.gz"

[tools.python."platforms.linux-x64-musl"]
checksum = "sha256:4fd68840c9f35afb263d3d13ed0d03bcf3e010ec294c9b3b65ab20f3836445d8"
url = "https://github.com/astral-sh/python-build-standalone/releases/download/20260310/cpython-3.11.15+20260310-x86_64-unknown-linux-gnu-install_only_stripped.tar.gz"

[tools.python."platforms.macos-arm64"]
checksum = "sha256:96842b1451580427d724500306f39466941f9cba2fc03a1de6f27016d899a764"
url = "https://github.com/astral-sh/python-build-standalone/releases/download/20260310/cpython-3.11.15+20260310-aarch64-apple-darwin-install_only_stripped.tar.gz"

[tools.python."platforms.macos-x64"]
checksum = "sha256:9674ed8ff7e1db355b96dd1a1db6a4e66e03621b2f560de9e69b1d0fa5d2420a"
url = "https://github.com/astral-sh/python-build-standalone/releases/download/20260310/cpython-3.11.15+20260310-x86_64-apple-darwin-install_only_stripped.tar.gz"

[tools.python."platforms.windows-x64"]
checksum = "sha256:9302cfe055216e60309bb99961d8a093189183af8dd27a3bd7c40d5e6252090b"
url = "https://github.com/astral-sh/python-build-standalone/releases/download/20260310/cpython-3.11.15+20260310-x86_64-pc-windows-msvc-install_only_stripped.tar.gz"

[[tools.ruff]]
version = "0.15.6"
backend = "aqua:astral-sh/ruff"

[tools.ruff."platforms.linux-arm64"]
checksum = "sha256:750164384c78e208b5e5bf764916f23270844c6a6ea0057dec1f7951bce02fca"
url = "https://github.com/astral-sh/ruff/releases/download/0.15.6/ruff-aarch64-unknown-linux-musl.tar.gz"

[tools.ruff."platforms.linux-arm64-musl"]
checksum = "sha256:750164384c78e208b5e5bf764916f23270844c6a6ea0057dec1f7951bce02fca"
url = "https://github.com/astral-sh/ruff/releases/download/0.15.6/ruff-aarch64-unknown-linux-musl.tar.gz"

[tools.ruff."platforms.linux-x64"]
checksum = "sha256:7ca0d590da2274429e8033cdaae1d923229ad19b2df7d8c2c3b94451527ab45c"
url = "https://github.com/astral-sh/ruff/releases/download/0.15.6/ruff-x86_64-unknown-linux-musl.tar.gz"

[tools.ruff."platforms.linux-x64-musl"]
checksum = "sha256:7ca0d590da2274429e8033cdaae1d923229ad19b2df7d8c2c3b94451527ab45c"
url = "https://github.com/astral-sh/ruff/releases/download/0.15.6/ruff-x86_64-unknown-linux-musl.tar.gz"

[tools.ruff."platforms.macos-arm64"]
checksum = "sha256:e90a351ddc2e5e411168b5cbfc7d694231e793948d0a29aa82618ea6f17225f1"
url = "https://github.com/astral-sh/ruff/releases/download/0.15.6/ruff-aarch64-apple-darwin.tar.gz"

[tools.ruff."platforms.macos-x64"]
checksum = "sha256:aef752bd803e58a732651d7ecd8434288f2ce7f252e415ecfa5b4a1518aea218"
url = "https://github.com/astral-sh/ruff/releases/download/0.15.6/ruff-x86_64-apple-darwin.tar.gz"

[tools.ruff."platforms.windows-x64"]
checksum = "sha256:34548ff94a9f52c96c75672d34eee6068a4bf4fdcb3ca12d10e9f4b8abedad96"
url = "https://github.com/astral-sh/ruff/releases/download/0.15.6/ruff-x86_64-pc-windows-msvc.zip"

[[tools.uv]]
version = "0.10.10"
backend = "aqua:astral-sh/uv"

[tools.uv."platforms.linux-arm64"]
checksum = "sha256:d08c08b82cdcaf2bd3d928ffe844d3558dda53f90066db6ef9174157cc763252"
url = "https://github.com/astral-sh/uv/releases/download/0.10.10/uv-aarch64-unknown-linux-musl.tar.gz"

[tools.uv."platforms.linux-arm64-musl"]
checksum = "sha256:d08c08b82cdcaf2bd3d928ffe844d3558dda53f90066db6ef9174157cc763252"
url = "https://github.com/astral-sh/uv/releases/download/0.10.10/uv-aarch64-unknown-linux-musl.tar.gz"

[tools.uv."platforms.linux-x64"]
checksum = "sha256:74544e8755fbc27559e22e29fd561bdc48f91b8bd8323e760a1130f32433bea4"
url = "https://github.com/astral-sh/uv/releases/download/0.10.10/uv-x86_64-unknown-linux-musl.tar.gz"

[tools.uv."platforms.linux-x64-musl"]
checksum = "sha256:74544e8755fbc27559e22e29fd561bdc48f91b8bd8323e760a1130f32433bea4"
url = "https://github.com/astral-sh/uv/releases/download/0.10.10/uv-x86_64-unknown-linux-musl.tar.gz"

[tools.uv."platforms.macos-arm64"]
checksum = "sha256:8a09f0ef51ee7f7170731b4cb8bde5bf9ba6da5304f49a7df6cdab42a1f37b5d"
url = "https://github.com/astral-sh/uv/releases/download/0.10.10/uv-aarch64-apple-darwin.tar.gz"

[tools.uv."platforms.macos-x64"]
checksum = "sha256:dd18420591d625f9b4ca2b57a7a6fe3cce43910f02e02d90e47a4101428de14a"
url = "https://github.com/astral-sh/uv/releases/download/0.10.10/uv-x86_64-apple-darwin.tar.gz"

[tools.uv."platforms.windows-x64"]
checksum = "sha256:d31a30f1dfb96e630a08d5a9b3f3f551254b7ed6e9b7e495f46a4232661c7252"
url = "https://github.com/astral-sh/uv/releases/download/0.10.10/uv-x86_64-pc-windows-msvc.zip"
